
Microsoft Visual Studio Solution File, Format Version 12.00
# Visual Studio Version 17
VisualStudioVersion = 17.14.36414.22 d17.14
MinimumVisualStudioVersion = 10.0.40219.1
Project("{8BC9CEB8-8B4A-11D0-8D11-00A0C91BC942}") = "ignition_server", "projects\win32\ignition_server\ignition_server.vcxproj", "{C95DF506-2780-4E15-86EF-16EAD4B7057E}"
EndProject
Global
	GlobalSection(SolutionConfigurationPlatforms) = preSolution
		Debug|x64 = Debug|x64
		Release|x64 = Release|x64
	EndGlobalSection
	GlobalSection(ProjectConfigurationPlatforms) = postSolution
		{C95DF506-2780-4E15-86EF-16EAD4B7057E}.Debug|x64.ActiveCfg = Debug|x64
		{C95DF506-2780-4E15-86EF-16EAD4B7057E}.Debug|x64.Build.0 = Debug|x64
		{C95DF506-2780-4E15-86EF-16EAD4B7057E}.Release|x64.ActiveCfg = Release|x64
		{C95DF506-2780-4E15-86EF-16EAD4B7057E}.Release|x64.Build.0 = Release|x64
	EndGlobalSection
	GlobalSection(SolutionProperties) = preSolution
		HideSolutionNode = FALSE
	EndGlobalSection
	GlobalSection(ExtensibilityGlobals) = postSolution
		SolutionGuid = {3192AB21-E44A-46B3-8469-604223C74D11}
	EndGlobalSection
EndGlobal
